
Microsoft Visual Studio Solution File, Format Version 12.00
# Visual Studio Version 17
Project("{2150E333-8FDC-42A3-9474-1A3956D46DE8}") = "CMakePredefinedTargets", "CMakePredefinedTargets", "{9453A306-2A7F-319E-A8ED-ACE233B17ECB}"
EndProject
Project("{8BC9CEB8-8B4A-11D0-8D11-00A0C91BC942}") = "CSC8503", "CSC8503\CSC8503.vcxproj", "{C5804A20-91A2-3155-AD9B-7BA9C3631B34}"
	ProjectSection(ProjectDependencies) = postProject
		{8D4BEE06-5577-34C5-9DEB-D64A8A9C1F59} = {8D4BEE06-5577-34C5-9DEB-D64A8A9C1F59}
		{9FD0DD67-6D5A-3EC6-BB9A-C991166FCB9C} = {9FD0DD67-6D5A-3EC6-BB9A-C991166FCB9C}
		{3B9BA179-423F-3255-ACB3-D100D3BA585E} = {3B9BA179-423F-3255-ACB3-D100D3BA585E}
	EndProjectSection
EndProject
Project("{8BC9CEB8-8B4A-11D0-8D11-00A0C91BC942}") = "ALL_BUILD", "ALL_BUILD.vcxproj", "{A50E77C8-1A2C-3544-B358-FE17961C7CE3}"
	ProjectSection(ProjectDependencies) = postProject
		{C5804A20-91A2-3155-AD9B-7BA9C3631B34} = {C5804A20-91A2-3155-AD9B-7BA9C3631B34}
		{8D4BEE06-5577-34C5-9DEB-D64A8A9C1F59} = {8D4BEE06-5577-34C5-9DEB-D64A8A9C1F59}
		{9FD0DD67-6D5A-3EC6-BB9A-C991166FCB9C} = {9FD0DD67-6D5A-3EC6-BB9A-C991166FCB9C}
		{3B9BA179-423F-3255-ACB3-D100D3BA585E} = {3B9BA179-423F-3255-ACB3-D100D3BA585E}
	EndProjectSection
EndProject
Project("{8BC9CEB8-8B4A-11D0-8D11-00A0C91BC942}") = "CSC8503CoreClasses", "CSC8503CoreClasses\CSC8503CoreClasses.vcxproj", "{8D4BEE06-5577-34C5-9DEB-D64A8A9C1F59}"
	ProjectSection(ProjectDependencies) = postProject
		{9FD0DD67-6D5A-3EC6-BB9A-C991166FCB9C} = {9FD0DD67-6D5A-3EC6-BB9A-C991166FCB9C}
		{3B9BA179-423F-3255-ACB3-D100D3BA585E} = {3B9BA179-423F-3255-ACB3-D100D3BA585E}
	EndProjectSection
EndProject
Project("{8BC9CEB8-8B4A-11D0-8D11-00A0C91BC942}") = "NCLCoreClasses", "NCLCoreClasses\NCLCoreClasses.vcxproj", "{9FD0DD67-6D5A-3EC6-BB9A-C991166FCB9C}"
	ProjectSection(ProjectDependencies) = postProject
		{5CC0E7C7-E2CC-3F7A-810E-49B008B08955} = {5CC0E7C7-E2CC-3F7A-810E-49B008B08955}
	EndProjectSection
EndProject
Project("{8BC9CEB8-8B4A-11D0-8D11-00A0C91BC942}") = "OpenGLRendering", "OpenGLRendering\OpenGLRendering.vcxproj", "{5CC0E7C7-E2CC-3F7A-810E-49B008B08955}"
	ProjectSection(ProjectDependencies) = postProject
		{3B9BA179-423F-3255-ACB3-D100D3BA585E} = {3B9BA179-423F-3255-ACB3-D100D3BA585E}
	EndProjectSection
EndProject
Project("{8BC9CEB8-8B4A-11D0-8D11-00A0C91BC942}") = "ZERO_CHECK", "ZERO_CHECK.vcxproj", "{3B9BA179-423F-3255-ACB3-D100D3BA585E}"
	ProjectSection(ProjectDependencies) = postProject
	EndProjectSection
EndProject
Global
	GlobalSection(SolutionConfigurationPlatforms) = preSolution
		Debug|x64 = Debug|x64
		Release|x64 = Release|x64
	EndGlobalSection
	GlobalSection(ProjectConfigurationPlatforms) = postSolution
		{C5804A20-91A2-3155-AD9B-7BA9C3631B34}.Debug|x64.ActiveCfg = Debug|x64
		{C5804A20-91A2-3155-AD9B-7BA9C3631B34}.Debug|x64.Build.0 = Debug|x64
		{C5804A20-91A2-3155-AD9B-7BA9C3631B34}.Release|x64.ActiveCfg = Release|x64
		{C5804A20-91A2-3155-AD9B-7BA9C3631B34}.Release|x64.Build.0 = Release|x64
		{A50E77C8-1A2C-3544-B358-FE17961C7CE3}.Debug|x64.ActiveCfg = Debug|x64
		{A50E77C8-1A2C-3544-B358-FE17961C7CE3}.Release|x64.ActiveCfg = Release|x64
		{8D4BEE06-5577-34C5-9DEB-D64A8A9C1F59}.Debug|x64.ActiveCfg = Debug|x64
		{8D4BEE06-5577-34C5-9DEB-D64A8A9C1F59}.Debug|x64.Build.0 = Debug|x64
		{8D4BEE06-5577-34C5-9DEB-D64A8A9C1F59}.Release|x64.ActiveCfg = Release|x64
		{8D4BEE06-5577-34C5-9DEB-D64A8A9C1F59}.Release|x64.Build.0 = Release|x64
		{9FD0DD67-6D5A-3EC6-BB9A-C991166FCB9C}.Debug|x64.ActiveCfg = Debug|x64
		{9FD0DD67-6D5A-3EC6-BB9A-C991166FCB9C}.Debug|x64.Build.0 = Debug|x64
		{9FD0DD67-6D5A-3EC6-BB9A-C991166FCB9C}.Release|x64.ActiveCfg = Release|x64
		{9FD0DD67-6D5A-3EC6-BB9A-C991166FCB9C}.Release|x64.Build.0 = Release|x64
		{5CC0E7C7-E2CC-3F7A-810E-49B008B08955}.Debug|x64.ActiveCfg = Debug|x64
		{5CC0E7C7-E2CC-3F7A-810E-49B008B08955}.Debug|x64.Build.0 = Debug|x64
		{5CC0E7C7-E2CC-3F7A-810E-49B008B08955}.Release|x64.ActiveCfg = Release|x64
		{5CC0E7C7-E2CC-3F7A-810E-49B008B08955}.Release|x64.Build.0 = Release|x64
		{3B9BA179-423F-3255-ACB3-D100D3BA585E}.Debug|x64.ActiveCfg = Debug|x64
		{3B9BA179-423F-3255-ACB3-D100D3BA585E}.Debug|x64.Build.0 = Debug|x64
		{3B9BA179-423F-3255-ACB3-D100D3BA585E}.Release|x64.ActiveCfg = Release|x64
		{3B9BA179-423F-3255-ACB3-D100D3BA585E}.Release|x64.Build.0 = Release|x64
	EndGlobalSection
	GlobalSection(NestedProjects) = preSolution
		{A50E77C8-1A2C-3544-B358-FE17961C7CE3} = {9453A306-2A7F-319E-A8ED-ACE233B17ECB}
		{3B9BA179-423F-3255-ACB3-D100D3BA585E} = {9453A306-2A7F-319E-A8ED-ACE233B17ECB}
	EndGlobalSection
	GlobalSection(ExtensibilityGlobals) = postSolution
		SolutionGuid = {208A8A43-8757-3A50-B313-12FE498B75C7}
	EndGlobalSection
	GlobalSection(ExtensibilityAddIns) = postSolution
	EndGlobalSection
EndGlobal
